
Microsoft Visual Studio Solution File, Format Version 12.00
# Visual Studio Version 16
VisualStudioVersion = 16.0.32002.261
MinimumVisualStudioVersion = 10.0.40219.1
Project("{FAE04EC0-301F-11D3-BF4B-00C04F79EFBC}") = "Ilk_MVC_Projem", "Ilk_MVC_Projem\Ilk_MVC_Projem.csproj", "{AAFE2F9A-2C42-4634-AC0A-0149CF15E5B0}"
EndProject
Global
	GlobalSection(SolutionConfigurationPlatforms) = preSolution
		Debug|Any CPU = Debug|Any CPU
		Release|Any CPU = Release|Any CPU
	EndGlobalSection
	GlobalSection(ProjectConfigurationPlatforms) = postSolution
		{AAFE2F9A-2C42-4634-AC0A-0149CF15E5B0}.Debug|Any CPU.ActiveCfg = Debug|Any CPU
		{AAFE2F9A-2C42-4634-AC0A-0149CF15E5B0}.Debug|Any CPU.Build.0 = Debug|Any CPU
		{AAFE2F9A-2C42-4634-AC0A-0149CF15E5B0}.Release|Any CPU.ActiveCfg = Release|Any CPU
		{AAFE2F9A-2C42-4634-AC0A-0149CF15E5B0}.Release|Any CPU.Build.0 = Release|Any CPU
	EndGlobalSection
	GlobalSection(SolutionProperties) = preSolution
		HideSolutionNode = FALSE
	EndGlobalSection
	GlobalSection(ExtensibilityGlobals) = postSolution
		SolutionGuid = {1DF04D7D-610A-4FE9-A645-39145983CE52}
	EndGlobalSection
EndGlobal
